// !$*UTF8*$!
{
	archiveVersion = 1;
	classes = {
	};
	objectVersion = 56;
	objects = {

/* Begin PBXBuildFile section */
		74023AB52ABB30730071739B /* NoteView.swift in Sources */ = {isa = PBXBuildFile; fileRef = 74023AB42ABB30730071739B /* NoteView.swift */; };
		740A12102ABB22B5006F6180 /* EnvironmentValues.swift in Sources */ = {isa = PBXBuildFile; fileRef = 740A120F2ABB22B5006F6180 /* EnvironmentValues.swift */; };
		741BD30C2AB9C82100E818E8 /* UpperExtension.swift in Sources */ = {isa = PBXBuildFile; fileRef = 741BD30B2AB9C82100E818E8 /* UpperExtension.swift */; };
		741BD30E2AB9C83000E818E8 /* TriadQuality.swift in Sources */ = {isa = PBXBuildFile; fileRef = 741BD30D2AB9C83000E818E8 /* TriadQuality.swift */; };
		741BD3102AB9C83E00E818E8 /* SeventhQuality.swift in Sources */ = {isa = PBXBuildFile; fileRef = 741BD30F2AB9C83E00E818E8 /* SeventhQuality.swift */; };
		741BD3142AB9E44700E818E8 /* Accidental.swift in Sources */ = {isa = PBXBuildFile; fileRef = 741BD3132AB9E44700E818E8 /* Accidental.swift */; };
		741BD3162AB9E46A00E818E8 /* Pitch.swift in Sources */ = {isa = PBXBuildFile; fileRef = 741BD3152AB9E46A00E818E8 /* Pitch.swift */; };
		741BD3182AB9F9CF00E818E8 /* StaffRow.swift in Sources */ = {isa = PBXBuildFile; fileRef = 741BD3172AB9F9CF00E818E8 /* StaffRow.swift */; };
		741BD31A2ABA428F00E818E8 /* NoteRow.swift in Sources */ = {isa = PBXBuildFile; fileRef = 741BD3192ABA428F00E818E8 /* NoteRow.swift */; };
		74228BDE2AC1FF6600091B19 /* Scale.swift in Sources */ = {isa = PBXBuildFile; fileRef = 74228BDD2AC1FF6600091B19 /* Scale.swift */; };
		74228BE02AC2005600091B19 /* Interval.swift in Sources */ = {isa = PBXBuildFile; fileRef = 74228BDF2AC2005600091B19 /* Interval.swift */; };
		743CC5012ABB7D3700E3E46E /* Note.swift in Sources */ = {isa = PBXBuildFile; fileRef = 743CC5002ABB7D3700E3E46E /* Note.swift */; };
		7457C3F12ABC873E00AC22E5 /* LedgerLineView.swift in Sources */ = {isa = PBXBuildFile; fileRef = 7457C3F02ABC873E00AC22E5 /* LedgerLineView.swift */; };
		7457C3F32ABC88D300AC22E5 /* LedgerLine.swift in Sources */ = {isa = PBXBuildFile; fileRef = 7457C3F22ABC88D300AC22E5 /* LedgerLine.swift */; };
		7457C3F52ABC9B1000AC22E5 /* ChordView.swift in Sources */ = {isa = PBXBuildFile; fileRef = 7457C3F42ABC9B1000AC22E5 /* ChordView.swift */; };
		7457C3F72ABCCB2600AC22E5 /* NoteName.swift in Sources */ = {isa = PBXBuildFile; fileRef = 7457C3F62ABCCB2600AC22E5 /* NoteName.swift */; };
		7457C3F92ABCCB3B00AC22E5 /* PitchClass.swift in Sources */ = {isa = PBXBuildFile; fileRef = 7457C3F82ABCCB3B00AC22E5 /* PitchClass.swift */; };
		746DDCEF2AC6013C007694DE /* InputChord.swift in Sources */ = {isa = PBXBuildFile; fileRef = 746DDCEE2AC6013C007694DE /* InputChord.swift */; };
		746DDCF32AC6206C007694DE /* KeyboardStyle.swift in Sources */ = {isa = PBXBuildFile; fileRef = 746DDCF22AC6206C007694DE /* KeyboardStyle.swift */; };
		747ED72D2AC71CC70059342D /* Bravura.otf in Resources */ = {isa = PBXBuildFile; fileRef = 747ED72C2AC71CC70059342D /* Bravura.otf */; };
		747ED72F2AC720B30059342D /* NotationComponent.swift in Sources */ = {isa = PBXBuildFile; fileRef = 747ED72E2AC720B30059342D /* NotationComponent.swift */; };
		7493C4CB2AC3797D00DF2C37 /* Chord.swift in Sources */ = {isa = PBXBuildFile; fileRef = 7493C4CA2AC3797D00DF2C37 /* Chord.swift */; };
		749C499F2AB77ACE005A1533 /* RandomHarmonyApp.swift in Sources */ = {isa = PBXBuildFile; fileRef = 749C499E2AB77ACE005A1533 /* RandomHarmonyApp.swift */; };
		749C49A12AB77ACE005A1533 /* ContentView.swift in Sources */ = {isa = PBXBuildFile; fileRef = 749C49A02AB77ACE005A1533 /* ContentView.swift */; };
		749C49A32AB77AD1005A1533 /* Assets.xcassets in Resources */ = {isa = PBXBuildFile; fileRef = 749C49A22AB77AD1005A1533 /* Assets.xcassets */; };
		749C49A62AB77AD1005A1533 /* Preview Assets.xcassets in Resources */ = {isa = PBXBuildFile; fileRef = 749C49A52AB77AD1005A1533 /* Preview Assets.xcassets */; };
		749C49AD2AB77AEC005A1533 /* HarmonyVm.swift in Sources */ = {isa = PBXBuildFile; fileRef = 749C49AC2AB77AEC005A1533 /* HarmonyVm.swift */; };
		74A5E1552ACB09AF00C26832 /* BravuraText.otf in Resources */ = {isa = PBXBuildFile; fileRef = 74A5E1542ACB09AF00C26832 /* BravuraText.otf */; };
		74AF30762AC4803900E8893C /* IntervalType.swift in Sources */ = {isa = PBXBuildFile; fileRef = 74AF30752AC4803900E8893C /* IntervalType.swift */; };
		74AF30782AC4805400E8893C /* FixedSolfege.swift in Sources */ = {isa = PBXBuildFile; fileRef = 74AF30772AC4805400E8893C /* FixedSolfege.swift */; };
		74AF307B2AC4807C00E8893C /* AccidentalStyle.swift in Sources */ = {isa = PBXBuildFile; fileRef = 74AF307A2AC4807C00E8893C /* AccidentalStyle.swift */; };
		74AF307E2AC4C46900E8893C /* Keyboard.swift in Sources */ = {isa = PBXBuildFile; fileRef = 74AF307D2AC4C46900E8893C /* Keyboard.swift */; };
		74AF30802AC4CCB900E8893C /* ChildSizeReader.swift in Sources */ = {isa = PBXBuildFile; fileRef = 74AF307F2AC4CCB900E8893C /* ChildSizeReader.swift */; };
		74C9AEB52AD0356000BD7C3C /* ChordFormat.swift in Sources */ = {isa = PBXBuildFile; fileRef = 74C9AEB42AD0356000BD7C3C /* ChordFormat.swift */; };
		74C9AEB72AD0494F00BD7C3C /* AccidentalChordView.swift in Sources */ = {isa = PBXBuildFile; fileRef = 74C9AEB62AD0494F00BD7C3C /* AccidentalChordView.swift */; };
		74C9AEB92AD063D900BD7C3C /* AccidentalView.swift in Sources */ = {isa = PBXBuildFile; fileRef = 74C9AEB82AD063D900BD7C3C /* AccidentalView.swift */; };
		74C9AEBC2AD08E7600BD7C3C /* PitchChordFormat.swift in Sources */ = {isa = PBXBuildFile; fileRef = 74C9AEBB2AD08E7600BD7C3C /* PitchChordFormat.swift */; };
		74C9AEBE2AD08E9F00BD7C3C /* AccidentalChordFormat.swift in Sources */ = {isa = PBXBuildFile; fileRef = 74C9AEBD2AD08E9F00BD7C3C /* AccidentalChordFormat.swift */; };
		74D6DDEB2ACDDE25003A5D2E /* View+If.swift in Sources */ = {isa = PBXBuildFile; fileRef = 74D6DDEA2ACDDE25003A5D2E /* View+If.swift */; };
		74EBBD022ACF52F5001EDBF1 /* Algorithms in Frameworks */ = {isa = PBXBuildFile; productRef = 74EBBD012ACF52F5001EDBF1 /* Algorithms */; };
/* End PBXBuildFile section */

/* Begin PBXFileReference section */
		74023AB42ABB30730071739B /* NoteView.swift */ = {isa = PBXFileReference; lastKnownFileType = sourcecode.swift; path = NoteView.swift; sourceTree = "<group>"; };
		740A120F2ABB22B5006F6180 /* EnvironmentValues.swift */ = {isa = PBXFileReference; lastKnownFileType = sourcecode.swift; path = EnvironmentValues.swift; sourceTree = "<group>"; };
		741BD30B2AB9C82100E818E8 /* UpperExtension.swift */ = {isa = PBXFileReference; lastKnownFileType = sourcecode.swift; path = UpperExtension.swift; sourceTree = "<group>"; };
		741BD30D2AB9C83000E818E8 /* TriadQuality.swift */ = {isa = PBXFileReference; lastKnownFileType = sourcecode.swift; path = TriadQuality.swift; sourceTree = "<group>"; };
		741BD30F2AB9C83E00E818E8 /* SeventhQuality.swift */ = {isa = PBXFileReference; lastKnownFileType = sourcecode.swift; path = SeventhQuality.swift; sourceTree = "<group>"; };
		741BD3132AB9E44700E818E8 /* Accidental.swift */ = {isa = PBXFileReference; lastKnownFileType = sourcecode.swift; path = Accidental.swift; sourceTree = "<group>"; };
		741BD3152AB9E46A00E818E8 /* Pitch.swift */ = {isa = PBXFileReference; lastKnownFileType = sourcecode.swift; path = Pitch.swift; sourceTree = "<group>"; };
		741BD3172AB9F9CF00E818E8 /* StaffRow.swift */ = {isa = PBXFileReference; lastKnownFileType = sourcecode.swift; path = StaffRow.swift; sourceTree = "<group>"; };
		741BD3192ABA428F00E818E8 /* NoteRow.swift */ = {isa = PBXFileReference; lastKnownFileType = sourcecode.swift; path = NoteRow.swift; sourceTree = "<group>"; };
		74228BDD2AC1FF6600091B19 /* Scale.swift */ = {isa = PBXFileReference; lastKnownFileType = sourcecode.swift; path = Scale.swift; sourceTree = "<group>"; };
		74228BDF2AC2005600091B19 /* Interval.swift */ = {isa = PBXFileReference; lastKnownFileType = sourcecode.swift; path = Interval.swift; sourceTree = "<group>"; };
		743CC5002ABB7D3700E3E46E /* Note.swift */ = {isa = PBXFileReference; lastKnownFileType = sourcecode.swift; path = Note.swift; sourceTree = "<group>"; };
		7457C3F02ABC873E00AC22E5 /* LedgerLineView.swift */ = {isa = PBXFileReference; lastKnownFileType = sourcecode.swift; path = LedgerLineView.swift; sourceTree = "<group>"; };
		7457C3F22ABC88D300AC22E5 /* LedgerLine.swift */ = {isa = PBXFileReference; lastKnownFileType = sourcecode.swift; path = LedgerLine.swift; sourceTree = "<group>"; };
		7457C3F42ABC9B1000AC22E5 /* ChordView.swift */ = {isa = PBXFileReference; lastKnownFileType = sourcecode.swift; path = ChordView.swift; sourceTree = "<group>"; };
		7457C3F62ABCCB2600AC22E5 /* NoteName.swift */ = {isa = PBXFileReference; lastKnownFileType = sourcecode.swift; path = NoteName.swift; sourceTree = "<group>"; };
		7457C3F82ABCCB3B00AC22E5 /* PitchClass.swift */ = {isa = PBXFileReference; lastKnownFileType = sourcecode.swift; path = PitchClass.swift; sourceTree = "<group>"; };
		746DDCEE2AC6013C007694DE /* InputChord.swift */ = {isa = PBXFileReference; lastKnownFileType = sourcecode.swift; path = InputChord.swift; sourceTree = "<group>"; };
		746DDCF22AC6206C007694DE /* KeyboardStyle.swift */ = {isa = PBXFileReference; lastKnownFileType = sourcecode.swift; path = KeyboardStyle.swift; sourceTree = "<group>"; };
		747ED7252AC703D10059342D /* Info.plist */ = {isa = PBXFileReference; lastKnownFileType = text.plist; path = Info.plist; sourceTree = "<group>"; };
		747ED72C2AC71CC70059342D /* Bravura.otf */ = {isa = PBXFileReference; lastKnownFileType = file; path = Bravura.otf; sourceTree = "<group>"; };
		747ED72E2AC720B30059342D /* NotationComponent.swift */ = {isa = PBXFileReference; lastKnownFileType = sourcecode.swift; path = NotationComponent.swift; sourceTree = "<group>"; };
		7493C4CA2AC3797D00DF2C37 /* Chord.swift */ = {isa = PBXFileReference; lastKnownFileType = sourcecode.swift; path = Chord.swift; sourceTree = "<group>"; };
		749C499B2AB77ACE005A1533 /* RandomHarmony.app */ = {isa = PBXFileReference; explicitFileType = wrapper.application; includeInIndex = 0; path = RandomHarmony.app; sourceTree = BUILT_PRODUCTS_DIR; };
		749C499E2AB77ACE005A1533 /* RandomHarmonyApp.swift */ = {isa = PBXFileReference; lastKnownFileType = sourcecode.swift; path = RandomHarmonyApp.swift; sourceTree = "<group>"; };
		749C49A02AB77ACE005A1533 /* ContentView.swift */ = {isa = PBXFileReference; lastKnownFileType = sourcecode.swift; path = ContentView.swift; sourceTree = "<group>"; };
		749C49A22AB77AD1005A1533 /* Assets.xcassets */ = {isa = PBXFileReference; lastKnownFileType = folder.assetcatalog; path = Assets.xcassets; sourceTree = "<group>"; };
		749C49A52AB77AD1005A1533 /* Preview Assets.xcassets */ = {isa = PBXFileReference; lastKnownFileType = folder.assetcatalog; path = "Preview Assets.xcassets"; sourceTree = "<group>"; };
		749C49AC2AB77AEC005A1533 /* HarmonyVm.swift */ = {isa = PBXFileReference; lastKnownFileType = sourcecode.swift; path = HarmonyVm.swift; sourceTree = "<group>"; };
		74A5E1542ACB09AF00C26832 /* BravuraText.otf */ = {isa = PBXFileReference; lastKnownFileType = file; path = BravuraText.otf; sourceTree = "<group>"; };
		74AF30752AC4803900E8893C /* IntervalType.swift */ = {isa = PBXFileReference; lastKnownFileType = sourcecode.swift; path = IntervalType.swift; sourceTree = "<group>"; };
		74AF30772AC4805400E8893C /* FixedSolfege.swift */ = {isa = PBXFileReference; lastKnownFileType = sourcecode.swift; path = FixedSolfege.swift; sourceTree = "<group>"; };
		74AF307A2AC4807C00E8893C /* AccidentalStyle.swift */ = {isa = PBXFileReference; lastKnownFileType = sourcecode.swift; path = AccidentalStyle.swift; sourceTree = "<group>"; };
		74AF307D2AC4C46900E8893C /* Keyboard.swift */ = {isa = PBXFileReference; lastKnownFileType = sourcecode.swift; path = Keyboard.swift; sourceTree = "<group>"; };
		74AF307F2AC4CCB900E8893C /* ChildSizeReader.swift */ = {isa = PBXFileReference; lastKnownFileType = sourcecode.swift; path = ChildSizeReader.swift; sourceTree = "<group>"; };
		74C9AEB42AD0356000BD7C3C /* ChordFormat.swift */ = {isa = PBXFileReference; lastKnownFileType = sourcecode.swift; path = ChordFormat.swift; sourceTree = "<group>"; };
		74C9AEB62AD0494F00BD7C3C /* AccidentalChordView.swift */ = {isa = PBXFileReference; lastKnownFileType = sourcecode.swift; path = AccidentalChordView.swift; sourceTree = "<group>"; };
		74C9AEB82AD063D900BD7C3C /* AccidentalView.swift */ = {isa = PBXFileReference; lastKnownFileType = sourcecode.swift; path = AccidentalView.swift; sourceTree = "<group>"; };
		74C9AEBB2AD08E7600BD7C3C /* PitchChordFormat.swift */ = {isa = PBXFileReference; lastKnownFileType = sourcecode.swift; path = PitchChordFormat.swift; sourceTree = "<group>"; };
		74C9AEBD2AD08E9F00BD7C3C /* AccidentalChordFormat.swift */ = {isa = PBXFileReference; lastKnownFileType = sourcecode.swift; path = AccidentalChordFormat.swift; sourceTree = "<group>"; };
		74D6DDEA2ACDDE25003A5D2E /* View+If.swift */ = {isa = PBXFileReference; lastKnownFileType = sourcecode.swift; path = "View+If.swift"; sourceTree = "<group>"; };
/* End PBXFileReference section */

/* Begin PBXFrameworksBuildPhase section */
		749C49982AB77ACE005A1533 /* Frameworks */ = {
			isa = PBXFrameworksBuildPhase;
			buildActionMask = 2147483647;
			files = (
				74EBBD022ACF52F5001EDBF1 /* Algorithms in Frameworks */,
			);
			runOnlyForDeploymentPostprocessing = 0;
		};
/* End PBXFrameworksBuildPhase section */

/* Begin PBXGroup section */
		74023AB62ABB42BE0071739B /* Models */ = {
			isa = PBXGroup;
			children = (
				741BD3152AB9E46A00E818E8 /* Pitch.swift */,
				7457C3F22ABC88D300AC22E5 /* LedgerLine.swift */,
				743CC5002ABB7D3700E3E46E /* Note.swift */,
				7457C3F62ABCCB2600AC22E5 /* NoteName.swift */,
				7457C3F82ABCCB3B00AC22E5 /* PitchClass.swift */,
				74228BDD2AC1FF6600091B19 /* Scale.swift */,
				74AF307C2AC4808100E8893C /* Accidentals */,
				74AF30792AC4806300E8893C /* Intervals */,
				7493C4CA2AC3797D00DF2C37 /* Chord.swift */,
				746DDCEE2AC6013C007694DE /* InputChord.swift */,
				741BD30D2AB9C83000E818E8 /* TriadQuality.swift */,
				741BD30F2AB9C83E00E818E8 /* SeventhQuality.swift */,
				741BD30B2AB9C82100E818E8 /* UpperExtension.swift */,
			);
			path = Models;
			sourceTree = "<group>";
		};
		749C49922AB77ACE005A1533 = {
			isa = PBXGroup;
			children = (
				749C499D2AB77ACE005A1533 /* RandomHarmony */,
				749C499C2AB77ACE005A1533 /* Products */,
			);
			sourceTree = "<group>";
		};
		749C499C2AB77ACE005A1533 /* Products */ = {
			isa = PBXGroup;
			children = (
				749C499B2AB77ACE005A1533 /* RandomHarmony.app */,
			);
			name = Products;
			sourceTree = "<group>";
		};
		749C499D2AB77ACE005A1533 /* RandomHarmony */ = {
			isa = PBXGroup;
			children = (
				747ED7252AC703D10059342D /* Info.plist */,
				749C499E2AB77ACE005A1533 /* RandomHarmonyApp.swift */,
				749C49A02AB77ACE005A1533 /* ContentView.swift */,
				741BD3172AB9F9CF00E818E8 /* StaffRow.swift */,
				741BD3192ABA428F00E818E8 /* NoteRow.swift */,
				7457C3F42ABC9B1000AC22E5 /* ChordView.swift */,
				74C9AEB82AD063D900BD7C3C /* AccidentalView.swift */,
				74C9AEB62AD0494F00BD7C3C /* AccidentalChordView.swift */,
				74C9AEBA2AD08E6400BD7C3C /* ChordFormat */,
				74023AB42ABB30730071739B /* NoteView.swift */,
				7457C3F02ABC873E00AC22E5 /* LedgerLineView.swift */,
				749C49AC2AB77AEC005A1533 /* HarmonyVm.swift */,
				74AF307D2AC4C46900E8893C /* Keyboard.swift */,
				747ED72E2AC720B30059342D /* NotationComponent.swift */,
				74A5E1542ACB09AF00C26832 /* BravuraText.otf */,
				747ED72C2AC71CC70059342D /* Bravura.otf */,
				746DDCF22AC6206C007694DE /* KeyboardStyle.swift */,
				74AF307F2AC4CCB900E8893C /* ChildSizeReader.swift */,
				740A120F2ABB22B5006F6180 /* EnvironmentValues.swift */,
				74D6DDEA2ACDDE25003A5D2E /* View+If.swift */,
				74023AB62ABB42BE0071739B /* Models */,
				749C49A22AB77AD1005A1533 /* Assets.xcassets */,
				749C49A42AB77AD1005A1533 /* Preview Content */,
			);
			path = RandomHarmony;
			sourceTree = "<group>";
		};
		749C49A42AB77AD1005A1533 /* Preview Content */ = {
			isa = PBXGroup;
			children = (
				749C49A52AB77AD1005A1533 /* Preview Assets.xcassets */,
			);
			path = "Preview Content";
			sourceTree = "<group>";
		};
		74AF30792AC4806300E8893C /* Intervals */ = {
			isa = PBXGroup;
			children = (
				74228BDF2AC2005600091B19 /* Interval.swift */,
				74AF30772AC4805400E8893C /* FixedSolfege.swift */,
				74AF30752AC4803900E8893C /* IntervalType.swift */,
			);
			path = Intervals;
			sourceTree = "<group>";
		};
		74AF307C2AC4808100E8893C /* Accidentals */ = {
			isa = PBXGroup;
			children = (
				741BD3132AB9E44700E818E8 /* Accidental.swift */,
				74AF307A2AC4807C00E8893C /* AccidentalStyle.swift */,
			);
			path = Accidentals;
			sourceTree = "<group>";
		};
		74C9AEBA2AD08E6400BD7C3C /* ChordFormat */ = {
			isa = PBXGroup;
			children = (
				74C9AEB42AD0356000BD7C3C /* ChordFormat.swift */,
				74C9AEBB2AD08E7600BD7C3C /* PitchChordFormat.swift */,
				74C9AEBD2AD08E9F00BD7C3C /* AccidentalChordFormat.swift */,
			);
			path = ChordFormat;
			sourceTree = "<group>";
		};
/* End PBXGroup section */

/* Begin PBXNativeTarget section */
		749C499A2AB77ACE005A1533 /* RandomHarmony */ = {
			isa = PBXNativeTarget;
			buildConfigurationList = 749C49A92AB77AD1005A1533 /* Build configuration list for PBXNativeTarget "RandomHarmony" */;
			buildPhases = (
				749C49972AB77ACE005A1533 /* Sources */,
				749C49982AB77ACE005A1533 /* Frameworks */,
				749C49992AB77ACE005A1533 /* Resources */,
			);
			buildRules = (
			);
			dependencies = (
				74EBBD042ACF542D001EDBF1 /* PBXTargetDependency */,
			);
			name = RandomHarmony;
			packageProductDependencies = (
				74EBBD012ACF52F5001EDBF1 /* Algorithms */,
			);
			productName = RandomHarmony;
			productReference = 749C499B2AB77ACE005A1533 /* RandomHarmony.app */;
			productType = "com.apple.product-type.application";
		};
/* End PBXNativeTarget section */

/* Begin PBXProject section */
		749C49932AB77ACE005A1533 /* Project object */ = {
			isa = PBXProject;
			attributes = {
				BuildIndependentTargetsInParallel = 1;
				LastSwiftUpdateCheck = 1500;
				LastUpgradeCheck = 1500;
				TargetAttributes = {
					749C499A2AB77ACE005A1533 = {
						CreatedOnToolsVersion = 15.0;
					};
				};
			};
			buildConfigurationList = 749C49962AB77ACE005A1533 /* Build configuration list for PBXProject "RandomHarmony" */;
			compatibilityVersion = "Xcode 14.0";
			developmentRegion = en;
			hasScannedForEncodings = 0;
			knownRegions = (
				en,
				Base,
			);
			mainGroup = 749C49922AB77ACE005A1533;
			packageReferences = (
				74EBBD002ACF52F5001EDBF1 /* XCRemoteSwiftPackageReference "swift-algorithms" */,
			);
			productRefGroup = 749C499C2AB77ACE005A1533 /* Products */;
			projectDirPath = "";
			projectRoot = "";
			targets = (
				749C499A2AB77ACE005A1533 /* RandomHarmony */,
			);
		};
/* End PBXProject section */

/* Begin PBXResourcesBuildPhase section */
		749C49992AB77ACE005A1533 /* Resources */ = {
			isa = PBXResourcesBuildPhase;
			buildActionMask = 2147483647;
			files = (
				749C49A62AB77AD1005A1533 /* Preview Assets.xcassets in Resources */,
				747ED72D2AC71CC70059342D /* Bravura.otf in Resources */,
				74A5E1552ACB09AF00C26832 /* BravuraText.otf in Resources */,
				749C49A32AB77AD1005A1533 /* Assets.xcassets in Resources */,
			);
			runOnlyForDeploymentPostprocessing = 0;
		};
/* End PBXResourcesBuildPhase section */

/* Begin PBXSourcesBuildPhase section */
		749C49972AB77ACE005A1533 /* Sources */ = {
			isa = PBXSourcesBuildPhase;
			buildActionMask = 2147483647;
			files = (
				7457C3F12ABC873E00AC22E5 /* LedgerLineView.swift in Sources */,
				741BD30C2AB9C82100E818E8 /* UpperExtension.swift in Sources */,
				74AF30782AC4805400E8893C /* FixedSolfege.swift in Sources */,
				74228BE02AC2005600091B19 /* Interval.swift in Sources */,
				74C9AEBE2AD08E9F00BD7C3C /* AccidentalChordFormat.swift in Sources */,
				747ED72F2AC720B30059342D /* NotationComponent.swift in Sources */,
				746DDCF32AC6206C007694DE /* KeyboardStyle.swift in Sources */,
				741BD3142AB9E44700E818E8 /* Accidental.swift in Sources */,
				741BD30E2AB9C83000E818E8 /* TriadQuality.swift in Sources */,
				7457C3F52ABC9B1000AC22E5 /* ChordView.swift in Sources */,
				74C9AEB92AD063D900BD7C3C /* AccidentalView.swift in Sources */,
				7493C4CB2AC3797D00DF2C37 /* Chord.swift in Sources */,
				7457C3F92ABCCB3B00AC22E5 /* PitchClass.swift in Sources */,
				7457C3F72ABCCB2600AC22E5 /* NoteName.swift in Sources */,
				749C49A12AB77ACE005A1533 /* ContentView.swift in Sources */,
				7457C3F32ABC88D300AC22E5 /* LedgerLine.swift in Sources */,
				74AF30762AC4803900E8893C /* IntervalType.swift in Sources */,
				749C49AD2AB77AEC005A1533 /* HarmonyVm.swift in Sources */,
				741BD3162AB9E46A00E818E8 /* Pitch.swift in Sources */,
				74C9AEBC2AD08E7600BD7C3C /* PitchChordFormat.swift in Sources */,
				74AF307B2AC4807C00E8893C /* AccidentalStyle.swift in Sources */,
				74C9AEB72AD0494F00BD7C3C /* AccidentalChordView.swift in Sources */,
				741BD31A2ABA428F00E818E8 /* NoteRow.swift in Sources */,
				741BD3182AB9F9CF00E818E8 /* StaffRow.swift in Sources */,
				743CC5012ABB7D3700E3E46E /* Note.swift in Sources */,
				74C9AEB52AD0356000BD7C3C /* ChordFormat.swift in Sources */,
				740A12102ABB22B5006F6180 /* EnvironmentValues.swift in Sources */,
				74023AB52ABB30730071739B /* NoteView.swift in Sources */,
				749C499F2AB77ACE005A1533 /* RandomHarmonyApp.swift in Sources */,
				74AF30802AC4CCB900E8893C /* ChildSizeReader.swift in Sources */,
				746DDCEF2AC6013C007694DE /* InputChord.swift in Sources */,
				74AF307E2AC4C46900E8893C /* Keyboard.swift in Sources */,
				74D6DDEB2ACDDE25003A5D2E /* View+If.swift in Sources */,
				74228BDE2AC1FF6600091B19 /* Scale.swift in Sources */,
				741BD3102AB9C83E00E818E8 /* SeventhQuality.swift in Sources */,
			);
			runOnlyForDeploymentPostprocessing = 0;
		};
/* End PBXSourcesBuildPhase section */

/* Begin PBXTargetDependency section */
		74EBBD042ACF542D001EDBF1 /* PBXTargetDependency */ = {
			isa = PBXTargetDependency;
			productRef = 74EBBD032ACF542D001EDBF1 /* Algorithms */;
		};
/* End PBXTargetDependency section */

/* Begin XCBuildConfiguration section */
		749C49A72AB77AD1005A1533 /* Debug */ = {
			isa = XCBuildConfiguration;
			buildSettings = {
				ALWAYS_SEARCH_USER_PATHS = NO;
				ASSETCATALOG_COMPILER_GENERATE_SWIFT_ASSET_SYMBOL_EXTENSIONS = YES;
				CLANG_ANALYZER_NONNULL = YES;
				CLANG_ANALYZER_NUMBER_OBJECT_CONVERSION = YES_AGGRESSIVE;
				CLANG_CXX_LANGUAGE_STANDARD = "gnu++20";
				CLANG_ENABLE_MODULES = YES;
				CLANG_ENABLE_OBJC_ARC = YES;
				CLANG_ENABLE_OBJC_WEAK = YES;
				CLANG_WARN_BLOCK_CAPTURE_AUTORELEASING = YES;
				CLANG_WARN_BOOL_CONVERSION = YES;
				CLANG_WARN_COMMA = YES;
				CLANG_WARN_CONSTANT_CONVERSION = YES;
				CLANG_WARN_DEPRECATED_OBJC_IMPLEMENTATIONS = YES;
				CLANG_WARN_DIRECT_OBJC_ISA_USAGE = YES_ERROR;
				CLANG_WARN_DOCUMENTATION_COMMENTS = YES;
				CLANG_WARN_EMPTY_BODY = YES;
				CLANG_WARN_ENUM_CONVERSION = YES;
				CLANG_WARN_INFINITE_RECURSION = YES;
				CLANG_WARN_INT_CONVERSION = YES;
				CLANG_WARN_NON_LITERAL_NULL_CONVERSION = YES;
				CLANG_WARN_OBJC_IMPLICIT_RETAIN_SELF = YES;
				CLANG_WARN_OBJC_LITERAL_CONVERSION = YES;
				CLANG_WARN_OBJC_ROOT_CLASS = YES_ERROR;
				CLANG_WARN_QUOTED_INCLUDE_IN_FRAMEWORK_HEADER = YES;
				CLANG_WARN_RANGE_LOOP_ANALYSIS = YES;
				CLANG_WARN_STRICT_PROTOTYPES = YES;
				CLANG_WARN_SUSPICIOUS_MOVE = YES;
				CLANG_WARN_UNGUARDED_AVAILABILITY = YES_AGGRESSIVE;
				CLANG_WARN_UNREACHABLE_CODE = YES;
				CLANG_WARN__DUPLICATE_METHOD_MATCH = YES;
				COPY_PHASE_STRIP = NO;
				DEBUG_INFORMATION_FORMAT = dwarf;
				ENABLE_STRICT_OBJC_MSGSEND = YES;
				ENABLE_TESTABILITY = YES;
				ENABLE_USER_SCRIPT_SANDBOXING = YES;
				GCC_C_LANGUAGE_STANDARD = gnu17;
				GCC_DYNAMIC_NO_PIC = NO;
				GCC_NO_COMMON_BLOCKS = YES;
				GCC_OPTIMIZATION_LEVEL = 0;
				GCC_PREPROCESSOR_DEFINITIONS = (
					"DEBUG=1",
					"$(inherited)",
				);
				GCC_WARN_64_TO_32_BIT_CONVERSION = YES;
				GCC_WARN_ABOUT_RETURN_TYPE = YES_ERROR;
				GCC_WARN_UNDECLARED_SELECTOR = YES;
				GCC_WARN_UNINITIALIZED_AUTOS = YES_AGGRESSIVE;
				GCC_WARN_UNUSED_FUNCTION = YES;
				GCC_WARN_UNUSED_VARIABLE = YES;
				IPHONEOS_DEPLOYMENT_TARGET = 17.0;
				LOCALIZATION_PREFERS_STRING_CATALOGS = YES;
				MTL_ENABLE_DEBUG_INFO = INCLUDE_SOURCE;
				MTL_FAST_MATH = YES;
				ONLY_ACTIVE_ARCH = YES;
				SDKROOT = iphoneos;
				SWIFT_ACTIVE_COMPILATION_CONDITIONS = "DEBUG $(inherited)";
				SWIFT_OPTIMIZATION_LEVEL = "-Onone";
			};
			name = Debug;
		};
		749C49A82AB77AD1005A1533 /* Release */ = {
			isa = XCBuildConfiguration;
			buildSettings = {
				ALWAYS_SEARCH_USER_PATHS = NO;
				ASSETCATALOG_COMPILER_GENERATE_SWIFT_ASSET_SYMBOL_EXTENSIONS = YES;
				CLANG_ANALYZER_NONNULL = YES;
				CLANG_ANALYZER_NUMBER_OBJECT_CONVERSION = YES_AGGRESSIVE;
				CLANG_CXX_LANGUAGE_STANDARD = "gnu++20";
				CLANG_ENABLE_MODULES = YES;
				CLANG_ENABLE_OBJC_ARC = YES;
				CLANG_ENABLE_OBJC_WEAK = YES;
				CLANG_WARN_BLOCK_CAPTURE_AUTORELEASING = YES;
				CLANG_WARN_BOOL_CONVERSION = YES;
				CLANG_WARN_COMMA = YES;
				CLANG_WARN_CONSTANT_CONVERSION = YES;
				CLANG_WARN_DEPRECATED_OBJC_IMPLEMENTATIONS = YES;
				CLANG_WARN_DIRECT_OBJC_ISA_USAGE = YES_ERROR;
				CLANG_WARN_DOCUMENTATION_COMMENTS = YES;
				CLANG_WARN_EMPTY_BODY = YES;
				CLANG_WARN_ENUM_CONVERSION = YES;
				CLANG_WARN_INFINITE_RECURSION = YES;
				CLANG_WARN_INT_CONVERSION = YES;
				CLANG_WARN_NON_LITERAL_NULL_CONVERSION = YES;
				CLANG_WARN_OBJC_IMPLICIT_RETAIN_SELF = YES;
				CLANG_WARN_OBJC_LITERAL_CONVERSION = YES;
				CLANG_WARN_OBJC_ROOT_CLASS = YES_ERROR;
				CLANG_WARN_QUOTED_INCLUDE_IN_FRAMEWORK_HEADER = YES;
				CLANG_WARN_RANGE_LOOP_ANALYSIS = YES;
				CLANG_WARN_STRICT_PROTOTYPES = YES;
				CLANG_WARN_SUSPICIOUS_MOVE = YES;
				CLANG_WARN_UNGUARDED_AVAILABILITY = YES_AGGRESSIVE;
				CLANG_WARN_UNREACHABLE_CODE = YES;
				CLANG_WARN__DUPLICATE_METHOD_MATCH = YES;
				COPY_PHASE_STRIP = NO;
				DEBUG_INFORMATION_FORMAT = "dwarf-with-dsym";
				ENABLE_NS_ASSERTIONS = NO;
				ENABLE_STRICT_OBJC_MSGSEND = YES;
				ENABLE_USER_SCRIPT_SANDBOXING = YES;
				GCC_C_LANGUAGE_STANDARD = gnu17;
				GCC_NO_COMMON_BLOCKS = YES;
				GCC_WARN_64_TO_32_BIT_CONVERSION = YES;
				GCC_WARN_ABOUT_RETURN_TYPE = YES_ERROR;
				GCC_WARN_UNDECLARED_SELECTOR = YES;
				GCC_WARN_UNINITIALIZED_AUTOS = YES_AGGRESSIVE;
				GCC_WARN_UNUSED_FUNCTION = YES;
				GCC_WARN_UNUSED_VARIABLE = YES;
				IPHONEOS_DEPLOYMENT_TARGET = 17.0;
				LOCALIZATION_PREFERS_STRING_CATALOGS = YES;
				MTL_ENABLE_DEBUG_INFO = NO;
				MTL_FAST_MATH = YES;
				SDKROOT = iphoneos;
				SWIFT_COMPILATION_MODE = wholemodule;
				VALIDATE_PRODUCT = YES;
			};
			name = Release;
		};
		749C49AA2AB77AD1005A1533 /* Debug */ = {
			isa = XCBuildConfiguration;
			buildSettings = {
				ASSETCATALOG_COMPILER_APPICON_NAME = AppIcon;
				ASSETCATALOG_COMPILER_GLOBAL_ACCENT_COLOR_NAME = AccentColor;
				CODE_SIGN_STYLE = Automatic;
				CURRENT_PROJECT_VERSION = 1;
				DEVELOPMENT_ASSET_PATHS = "\"RandomHarmony/Preview Content\"";
				DEVELOPMENT_TEAM = 3UR85MK9RT;
				ENABLE_PREVIEWS = YES;
				GENERATE_INFOPLIST_FILE = YES;
				INFOPLIST_FILE = RandomHarmony/Info.plist;
				INFOPLIST_KEY_UIApplicationSceneManifest_Generation = YES;
				INFOPLIST_KEY_UIApplicationSupportsIndirectInputEvents = YES;
				INFOPLIST_KEY_UILaunchScreen_Generation = YES;
				INFOPLIST_KEY_UISupportedInterfaceOrientations_iPad = "UIInterfaceOrientationPortrait UIInterfaceOrientationPortraitUpsideDown UIInterfaceOrientationLandscapeLeft UIInterfaceOrientationLandscapeRight";
				INFOPLIST_KEY_UISupportedInterfaceOrientations_iPhone = "UIInterfaceOrientationPortrait UIInterfaceOrientationLandscapeLeft UIInterfaceOrientationLandscapeRight";
				LD_RUNPATH_SEARCH_PATHS = (
					"$(inherited)",
					"@executable_path/Frameworks",
				);
				MARKETING_VERSION = 1.0;
				PRODUCT_BUNDLE_IDENTIFIER = com.CoryTripathy.RandomHarmony;
				PRODUCT_NAME = "$(TARGET_NAME)";
				SWIFT_EMIT_LOC_STRINGS = YES;
				SWIFT_VERSION = 5.0;
				TARGETED_DEVICE_FAMILY = "1,2";
			};
			name = Debug;
		};
		749C49AB2AB77AD1005A1533 /* Release */ = {
			isa = XCBuildConfiguration;
			buildSettings = {
				ASSETCATALOG_COMPILER_APPICON_NAME = AppIcon;
				ASSETCATALOG_COMPILER_GLOBAL_ACCENT_COLOR_NAME = AccentColor;
				CODE_SIGN_STYLE = Automatic;
				CURRENT_PROJECT_VERSION = 1;
				DEVELOPMENT_ASSET_PATHS = "\"RandomHarmony/Preview Content\"";
				DEVELOPMENT_TEAM = 3UR85MK9RT;
				ENABLE_PREVIEWS = YES;
				GENERATE_INFOPLIST_FILE = YES;
				INFOPLIST_FILE = RandomHarmony/Info.plist;
				INFOPLIST_KEY_UIApplicationSceneManifest_Generation = YES;
				INFOPLIST_KEY_UIApplicationSupportsIndirectInputEvents = YES;
				INFOPLIST_KEY_UILaunchScreen_Generation = YES;
				INFOPLIST_KEY_UISupportedInterfaceOrientations_iPad = "UIInterfaceOrientationPortrait UIInterfaceOrientationPortraitUpsideDown UIInterfaceOrientationLandscapeLeft UIInterfaceOrientationLandscapeRight";
				INFOPLIST_KEY_UISupportedInterfaceOrientations_iPhone = "UIInterfaceOrientationPortrait UIInterfaceOrientationLandscapeLeft UIInterfaceOrientationLandscapeRight";
				LD_RUNPATH_SEARCH_PATHS = (
					"$(inherited)",
					"@executable_path/Frameworks",
				);
				MARKETING_VERSION = 1.0;
				PRODUCT_BUNDLE_IDENTIFIER = com.CoryTripathy.RandomHarmony;
				PRODUCT_NAME = "$(TARGET_NAME)";
				SWIFT_EMIT_LOC_STRINGS = YES;
				SWIFT_VERSION = 5.0;
				TARGETED_DEVICE_FAMILY = "1,2";
			};
			name = Release;
		};
/* End XCBuildConfiguration section */

/* Begin XCConfigurationList section */
		749C49962AB77ACE005A1533 /* Build configuration list for PBXProject "RandomHarmony" */ = {
			isa = XCConfigurationList;
			buildConfigurations = (
				749C49A72AB77AD1005A1533 /* Debug */,
				749C49A82AB77AD1005A1533 /* Release */,
			);
			defaultConfigurationIsVisible = 0;
			defaultConfigurationName = Release;
		};
		749C49A92AB77AD1005A1533 /* Build configuration list for PBXNativeTarget "RandomHarmony" */ = {
			isa = XCConfigurationList;
			buildConfigurations = (
				749C49AA2AB77AD1005A1533 /* Debug */,
				749C49AB2AB77AD1005A1533 /* Release */,
			);
			defaultConfigurationIsVisible = 0;
			defaultConfigurationName = Release;
		};
/* End XCConfigurationList section */

/* Begin XCRemoteSwiftPackageReference section */
		74EBBD002ACF52F5001EDBF1 /* XCRemoteSwiftPackageReference "swift-algorithms" */ = {
			isa = XCRemoteSwiftPackageReference;
			repositoryURL = "https://github.com/apple/swift-algorithms.git";
			requirement = {
				kind = upToNextMajorVersion;
				minimumVersion = 1.1.0;
			};
		};
/* End XCRemoteSwiftPackageReference section */

/* Begin XCSwiftPackageProductDependency section */
		74EBBD012ACF52F5001EDBF1 /* Algorithms */ = {
			isa = XCSwiftPackageProductDependency;
			package = 74EBBD002ACF52F5001EDBF1 /* XCRemoteSwiftPackageReference "swift-algorithms" */;
			productName = Algorithms;
		};
		74EBBD032ACF542D001EDBF1 /* Algorithms */ = {
			isa = XCSwiftPackageProductDependency;
			package = 74EBBD002ACF52F5001EDBF1 /* XCRemoteSwiftPackageReference "swift-algorithms" */;
			productName = Algorithms;
		};
/* End XCSwiftPackageProductDependency section */
	};
	rootObject = 749C49932AB77ACE005A1533 /* Project object */;
}
